
Microsoft Visual Studio Solution File, Format Version 12.00
# Visual Studio 14
VisualStudioVersion = 14.0.24720.0
MinimumVisualStudioVersion = 10.0.40219.1
Project("{2150E333-8FDC-42A3-9474-1A3956D46DE8}") = "MCSWebApp", "MCSWebApp", "{EE16FCB2-6B46-47F3-8393-AA17D743982E}"
EndProject
Project("{FAE04EC0-301F-11D3-BF4B-00C04F79EFBC}") = "AccreditAdmin", "AccreditAdmin\AccreditAdmin.csproj", "{AC7AC6F8-F91E-4A8F-B895-AABCD8D5EC3D}"
EndProject
Project("{FAE04EC0-301F-11D3-BF4B-00C04F79EFBC}") = "AppAdmin", "AppAdmin\AppAdmin.csproj", "{3FE17BD2-CEA0-4F4E-8E0E-46A0DF8C0306}"
EndProject
Project("{FAE04EC0-301F-11D3-BF4B-00C04F79EFBC}") = "AppAdmin_LOG", "AppAdmin_LOG\AppAdmin_LOG.csproj", "{089CE423-04E0-4A01-B5F4-CCD71F8D75F2}"
EndProject
Project("{FAE04EC0-301F-11D3-BF4B-00C04F79EFBC}") = "AUCenter", "AUCenter\AUCenter.csproj", "{94BB7E55-57DA-4247-87A9-80EC882C06F5}"
EndProject
Project("{FAE04EC0-301F-11D3-BF4B-00C04F79EFBC}") = "AUCenterServices", "AUCenterServices\AUCenterServices.csproj", "{BD551ED5-2C88-4570-8108-3959ACC298EF}"
EndProject
Project("{FAE04EC0-301F-11D3-BF4B-00C04F79EFBC}") = "Diagnostics", "Diagnostics\Diagnostics.csproj", "{2D84706F-9250-45B4-A331-79D8EA2EF2F9}"
EndProject
Project("{FAE04EC0-301F-11D3-BF4B-00C04F79EFBC}") = "DocServiceHost", "DocServiceHost\DocServiceHost.csproj", "{F2F41CCB-0CC2-4BF1-A820-0CCBF581BF6C}"
EndProject
Project("{FAE04EC0-301F-11D3-BF4B-00C04F79EFBC}") = "MCS.OA.Stat", "MCS.OA.Stat\MCS.OA.Stat.csproj", "{E94544BF-83C8-4785-9139-40B736343028}"
EndProject
Project("{FAE04EC0-301F-11D3-BF4B-00C04F79EFBC}") = "MCSOAPortal", "MCSOAPortal\MCSOAPortal.csproj", "{C9D50D54-9E5C-4053-A340-EC5CFBB77C07}"
EndProject
Project("{FAE04EC0-301F-11D3-BF4B-00C04F79EFBC}") = "MCSResponsiveOAPortal", "MCSResponsiveOAPortal\MCSResponsiveOAPortal.csproj", "{35225D95-9765-4498-8624-9D10558AF01C}"
EndProject
Project("{FAE04EC0-301F-11D3-BF4B-00C04F79EFBC}") = "OACommonPages", "OACommonPages\OACommonPages.csproj", "{AD6E5DF9-815C-4915-8938-DFAE016CB304}"
EndProject
Project("{FAE04EC0-301F-11D3-BF4B-00C04F79EFBC}") = "PassportService", "PassportService\PassportService.csproj", "{9FFB3F09-2C46-4E88-96CE-F8EBDD970C1C}"
EndProject
Project("{FAE04EC0-301F-11D3-BF4B-00C04F79EFBC}") = "PermissionCenter", "PermissionCenter\PermissionCenter.csproj", "{D2C038D6-6DE8-4A6D-9F43-AF6E9886FFDC}"
EndProject
Project("{FAE04EC0-301F-11D3-BF4B-00C04F79EFBC}") = "PermissionCenterServices", "PermissionCenterServices\PermissionCenterServices.csproj", "{1B601749-C27A-40E6-8F5C-00E2E1E92AA2}"
EndProject
Project("{FAE04EC0-301F-11D3-BF4B-00C04F79EFBC}") = "ResponsivePassportService", "ResponsivePassportService\ResponsivePassportService.csproj", "{05E02101-5FF3-4D69-9EBF-D80D0B4B9326}"
EndProject
Project("{FAE04EC0-301F-11D3-BF4B-00C04F79EFBC}") = "SyncMaterialFileToDocCenterService", "SyncMaterialFileToDocCenterService\SyncMaterialFileToDocCenterService.csproj", "{A6EB71EB-8522-40DA-947E-8C4315EB124B}"
EndProject
Project("{FAE04EC0-301F-11D3-BF4B-00C04F79EFBC}") = "WfFormTemplate", "WfFormTemplate\WfFormTemplate.csproj", "{1AC27887-4441-483A-ADBF-D72FF926415B}"
EndProject
Project("{FAE04EC0-301F-11D3-BF4B-00C04F79EFBC}") = "WfOperationServices", "WfOperationServices\WfOperationServices.csproj", "{9B44D465-AA0B-44BC-85D8-D303E1D83048}"
EndProject
Project("{FAE04EC0-301F-11D3-BF4B-00C04F79EFBC}") = "WfPlatformServices", "WfPlatformServices\WfPlatformServices.csproj", "{0E4F250A-4F96-4378-A64C-A723E38D01D3}"
EndProject
Project("{FAE04EC0-301F-11D3-BF4B-00C04F79EFBC}") = "WorkflowDesigner", "WorkflowDesigner\WorkflowDesigner.csproj", "{7F8BBB79-726D-443B-AF9F-575662186F13}"
EndProject
Project("{FAE04EC0-301F-11D3-BF4B-00C04F79EFBC}") = "MCS.Dynamics.Web", "MCS.Dynamics.Web\MCS.Dynamics.Web.csproj", "{F33BB962-FA9B-4380-B1AC-8AE65E9744D4}"
EndProject
Project("{FAE04EC0-301F-11D3-BF4B-00C04F79EFBC}") = "WfDemoService", "WfDemoOrderService\WfDemoService.csproj", "{FDEC4315-DC8F-4BE2-B04E-53D6783783E6}"
EndProject
Global
	GlobalSection(SolutionConfigurationPlatforms) = preSolution
		Debug|Any CPU = Debug|Any CPU
		DELUXEWORKSTEST|Any CPU = DELUXEWORKSTEST|Any CPU
		NoLockDebug|Any CPU = NoLockDebug|Any CPU
		NoLockDebugANDUnitTest|Any CPU = NoLockDebugANDUnitTest|Any CPU
		Release|Any CPU = Release|Any CPU
		TRACE|Any CPU = TRACE|Any CPU
	EndGlobalSection
	GlobalSection(ProjectConfigurationPlatforms) = postSolution
		{AC7AC6F8-F91E-4A8F-B895-AABCD8D5EC3D}.Debug|Any CPU.ActiveCfg = Debug|Any CPU
		{AC7AC6F8-F91E-4A8F-B895-AABCD8D5EC3D}.Debug|Any CPU.Build.0 = Debug|Any CPU
		{AC7AC6F8-F91E-4A8F-B895-AABCD8D5EC3D}.DELUXEWORKSTEST|Any CPU.ActiveCfg = DELUXEWORKSTEST|Any CPU
		{AC7AC6F8-F91E-4A8F-B895-AABCD8D5EC3D}.DELUXEWORKSTEST|Any CPU.Build.0 = DELUXEWORKSTEST|Any CPU
		{AC7AC6F8-F91E-4A8F-B895-AABCD8D5EC3D}.NoLockDebug|Any CPU.ActiveCfg = Debug|Any CPU
		{AC7AC6F8-F91E-4A8F-B895-AABCD8D5EC3D}.NoLockDebug|Any CPU.Build.0 = Debug|Any CPU
		{AC7AC6F8-F91E-4A8F-B895-AABCD8D5EC3D}.NoLockDebugANDUnitTest|Any CPU.ActiveCfg = Debug|Any CPU
		{AC7AC6F8-F91E-4A8F-B895-AABCD8D5EC3D}.NoLockDebugANDUnitTest|Any CPU.Build.0 = Debug|Any CPU
		{AC7AC6F8-F91E-4A8F-B895-AABCD8D5EC3D}.Release|Any CPU.ActiveCfg = Release|Any CPU
		{AC7AC6F8-F91E-4A8F-B895-AABCD8D5EC3D}.Release|Any CPU.Build.0 = Release|Any CPU
		{AC7AC6F8-F91E-4A8F-B895-AABCD8D5EC3D}.TRACE|Any CPU.ActiveCfg = DELUXEWORKSTEST|Any CPU
		{AC7AC6F8-F91E-4A8F-B895-AABCD8D5EC3D}.TRACE|Any CPU.Build.0 = DELUXEWORKSTEST|Any CPU
		{3FE17BD2-CEA0-4F4E-8E0E-46A0DF8C0306}.Debug|Any CPU.ActiveCfg = Debug|Any CPU
		{3FE17BD2-CEA0-4F4E-8E0E-46A0DF8C0306}.Debug|Any CPU.Build.0 = Debug|Any CPU
		{3FE17BD2-CEA0-4F4E-8E0E-46A0DF8C0306}.DELUXEWORKSTEST|Any CPU.ActiveCfg = DELUXEWORKSTEST|Any CPU
		{3FE17BD2-CEA0-4F4E-8E0E-46A0DF8C0306}.DELUXEWORKSTEST|Any CPU.Build.0 = DELUXEWORKSTEST|Any CPU
		{3FE17BD2-CEA0-4F4E-8E0E-46A0DF8C0306}.NoLockDebug|Any CPU.ActiveCfg = Debug|Any CPU
		{3FE17BD2-CEA0-4F4E-8E0E-46A0DF8C0306}.NoLockDebug|Any CPU.Build.0 = Debug|Any CPU
		{3FE17BD2-CEA0-4F4E-8E0E-46A0DF8C0306}.NoLockDebugANDUnitTest|Any CPU.ActiveCfg = Debug|Any CPU
		{3FE17BD2-CEA0-4F4E-8E0E-46A0DF8C0306}.NoLockDebugANDUnitTest|Any CPU.Build.0 = Debug|Any CPU
		{3FE17BD2-CEA0-4F4E-8E0E-46A0DF8C0306}.Release|Any CPU.ActiveCfg = Release|Any CPU
		{3FE17BD2-CEA0-4F4E-8E0E-46A0DF8C0306}.Release|Any CPU.Build.0 = Release|Any CPU
		{3FE17BD2-CEA0-4F4E-8E0E-46A0DF8C0306}.TRACE|Any CPU.ActiveCfg = DELUXEWORKSTEST|Any CPU
		{3FE17BD2-CEA0-4F4E-8E0E-46A0DF8C0306}.TRACE|Any CPU.Build.0 = DELUXEWORKSTEST|Any CPU
		{089CE423-04E0-4A01-B5F4-CCD71F8D75F2}.Debug|Any CPU.ActiveCfg = Debug|Any CPU
		{089CE423-04E0-4A01-B5F4-CCD71F8D75F2}.Debug|Any CPU.Build.0 = Debug|Any CPU
		{089CE423-04E0-4A01-B5F4-CCD71F8D75F2}.DELUXEWORKSTEST|Any CPU.ActiveCfg = DELUXEWORKSTEST|Any CPU
		{089CE423-04E0-4A01-B5F4-CCD71F8D75F2}.DELUXEWORKSTEST|Any CPU.Build.0 = DELUXEWORKSTEST|Any CPU
		{089CE423-04E0-4A01-B5F4-CCD71F8D75F2}.NoLockDebug|Any CPU.ActiveCfg = Debug|Any CPU
		{089CE423-04E0-4A01-B5F4-CCD71F8D75F2}.NoLockDebug|Any CPU.Build.0 = Debug|Any CPU
		{089CE423-04E0-4A01-B5F4-CCD71F8D75F2}.NoLockDebugANDUnitTest|Any CPU.ActiveCfg = Debug|Any CPU
		{089CE423-04E0-4A01-B5F4-CCD71F8D75F2}.NoLockDebugANDUnitTest|Any CPU.Build.0 = Debug|Any CPU
		{089CE423-04E0-4A01-B5F4-CCD71F8D75F2}.Release|Any CPU.ActiveCfg = Release|Any CPU
		{089CE423-04E0-4A01-B5F4-CCD71F8D75F2}.Release|Any CPU.Build.0 = Release|Any CPU
		{089CE423-04E0-4A01-B5F4-CCD71F8D75F2}.TRACE|Any CPU.ActiveCfg = DELUXEWORKSTEST|Any CPU
		{089CE423-04E0-4A01-B5F4-CCD71F8D75F2}.TRACE|Any CPU.Build.0 = DELUXEWORKSTEST|Any CPU
		{94BB7E55-57DA-4247-87A9-80EC882C06F5}.Debug|Any CPU.ActiveCfg = Debug|Any CPU
		{94BB7E55-57DA-4247-87A9-80EC882C06F5}.Debug|Any CPU.Build.0 = Debug|Any CPU
		{94BB7E55-57DA-4247-87A9-80EC882C06F5}.DELUXEWORKSTEST|Any CPU.ActiveCfg = Debug|Any CPU
		{94BB7E55-57DA-4247-87A9-80EC882C06F5}.DELUXEWORKSTEST|Any CPU.Build.0 = Debug|Any CPU
		{94BB7E55-57DA-4247-87A9-80EC882C06F5}.NoLockDebug|Any CPU.ActiveCfg = Debug|Any CPU
		{94BB7E55-57DA-4247-87A9-80EC882C06F5}.NoLockDebug|Any CPU.Build.0 = Debug|Any CPU
		{94BB7E55-57DA-4247-87A9-80EC882C06F5}.NoLockDebugANDUnitTest|Any CPU.ActiveCfg = Debug|Any CPU
		{94BB7E55-57DA-4247-87A9-80EC882C06F5}.NoLockDebugANDUnitTest|Any CPU.Build.0 = Debug|Any CPU
		{94BB7E55-57DA-4247-87A9-80EC882C06F5}.Release|Any CPU.ActiveCfg = Release|Any CPU
		{94BB7E55-57DA-4247-87A9-80EC882C06F5}.Release|Any CPU.Build.0 = Release|Any CPU
		{94BB7E55-57DA-4247-87A9-80EC882C06F5}.TRACE|Any CPU.ActiveCfg = Release|Any CPU
		{94BB7E55-57DA-4247-87A9-80EC882C06F5}.TRACE|Any CPU.Build.0 = Release|Any CPU
		{BD551ED5-2C88-4570-8108-3959ACC298EF}.Debug|Any CPU.ActiveCfg = Debug|Any CPU
		{BD551ED5-2C88-4570-8108-3959ACC298EF}.Debug|Any CPU.Build.0 = Debug|Any CPU
		{BD551ED5-2C88-4570-8108-3959ACC298EF}.DELUXEWORKSTEST|Any CPU.ActiveCfg = Debug|Any CPU
		{BD551ED5-2C88-4570-8108-3959ACC298EF}.DELUXEWORKSTEST|Any CPU.Build.0 = Debug|Any CPU
		{BD551ED5-2C88-4570-8108-3959ACC298EF}.NoLockDebug|Any CPU.ActiveCfg = Debug|Any CPU
		{BD551ED5-2C88-4570-8108-3959ACC298EF}.NoLockDebug|Any CPU.Build.0 = Debug|Any CPU
		{BD551ED5-2C88-4570-8108-3959ACC298EF}.NoLockDebugANDUnitTest|Any CPU.ActiveCfg = Debug|Any CPU
		{BD551ED5-2C88-4570-8108-3959ACC298EF}.NoLockDebugANDUnitTest|Any CPU.Build.0 = Debug|Any CPU
		{BD551ED5-2C88-4570-8108-3959ACC298EF}.Release|Any CPU.ActiveCfg = Release|Any CPU
		{BD551ED5-2C88-4570-8108-3959ACC298EF}.Release|Any CPU.Build.0 = Release|Any CPU
		{BD551ED5-2C88-4570-8108-3959ACC298EF}.TRACE|Any CPU.ActiveCfg = Release|Any CPU
		{BD551ED5-2C88-4570-8108-3959ACC298EF}.TRACE|Any CPU.Build.0 = Release|Any CPU
		{2D84706F-9250-45B4-A331-79D8EA2EF2F9}.Debug|Any CPU.ActiveCfg = Debug|Any CPU
		{2D84706F-9250-45B4-A331-79D8EA2EF2F9}.Debug|Any CPU.Build.0 = Debug|Any CPU
		{2D84706F-9250-45B4-A331-79D8EA2EF2F9}.DELUXEWORKSTEST|Any CPU.ActiveCfg = Debug|Any CPU
		{2D84706F-9250-45B4-A331-79D8EA2EF2F9}.DELUXEWORKSTEST|Any CPU.Build.0 = Debug|Any CPU
		{2D84706F-9250-45B4-A331-79D8EA2EF2F9}.NoLockDebug|Any CPU.ActiveCfg = Debug|Any CPU
		{2D84706F-9250-45B4-A331-79D8EA2EF2F9}.NoLockDebug|Any CPU.Build.0 = Debug|Any CPU
		{2D84706F-9250-45B4-A331-79D8EA2EF2F9}.NoLockDebugANDUnitTest|Any CPU.ActiveCfg = Debug|Any CPU
		{2D84706F-9250-45B4-A331-79D8EA2EF2F9}.NoLockDebugANDUnitTest|Any CPU.Build.0 = Debug|Any CPU
		{2D84706F-9250-45B4-A331-79D8EA2EF2F9}.Release|Any CPU.ActiveCfg = Release|Any CPU
		{2D84706F-9250-45B4-A331-79D8EA2EF2F9}.Release|Any CPU.Build.0 = Release|Any CPU
		{2D84706F-9250-45B4-A331-79D8EA2EF2F9}.TRACE|Any CPU.ActiveCfg = Release|Any CPU
		{2D84706F-9250-45B4-A331-79D8EA2EF2F9}.TRACE|Any CPU.Build.0 = Release|Any CPU
		{F2F41CCB-0CC2-4BF1-A820-0CCBF581BF6C}.Debug|Any CPU.ActiveCfg = Debug|Any CPU
		{F2F41CCB-0CC2-4BF1-A820-0CCBF581BF6C}.Debug|Any CPU.Build.0 = Debug|Any CPU
		{F2F41CCB-0CC2-4BF1-A820-0CCBF581BF6C}.DELUXEWORKSTEST|Any CPU.ActiveCfg = Debug|Any CPU
		{F2F41CCB-0CC2-4BF1-A820-0CCBF581BF6C}.DELUXEWORKSTEST|Any CPU.Build.0 = Debug|Any CPU
		{F2F41CCB-0CC2-4BF1-A820-0CCBF581BF6C}.NoLockDebug|Any CPU.ActiveCfg = Debug|Any CPU
		{F2F41CCB-0CC2-4BF1-A820-0CCBF581BF6C}.NoLockDebug|Any CPU.Build.0 = Debug|Any CPU
		{F2F41CCB-0CC2-4BF1-A820-0CCBF581BF6C}.NoLockDebugANDUnitTest|Any CPU.ActiveCfg = Debug|Any CPU
		{F2F41CCB-0CC2-4BF1-A820-0CCBF581BF6C}.NoLockDebugANDUnitTest|Any CPU.Build.0 = Debug|Any CPU
		{F2F41CCB-0CC2-4BF1-A820-0CCBF581BF6C}.Release|Any CPU.ActiveCfg = Release|Any CPU
		{F2F41CCB-0CC2-4BF1-A820-0CCBF581BF6C}.Release|Any CPU.Build.0 = Release|Any CPU
		{F2F41CCB-0CC2-4BF1-A820-0CCBF581BF6C}.TRACE|Any CPU.ActiveCfg = Release|Any CPU
		{F2F41CCB-0CC2-4BF1-A820-0CCBF581BF6C}.TRACE|Any CPU.Build.0 = Release|Any CPU
		{E94544BF-83C8-4785-9139-40B736343028}.Debug|Any CPU.ActiveCfg = Debug|Any CPU
		{E94544BF-83C8-4785-9139-40B736343028}.Debug|Any CPU.Build.0 = Debug|Any CPU
		{E94544BF-83C8-4785-9139-40B736343028}.DELUXEWORKSTEST|Any CPU.ActiveCfg = Debug|Any CPU
		{E94544BF-83C8-4785-9139-40B736343028}.DELUXEWORKSTEST|Any CPU.Build.0 = Debug|Any CPU
		{E94544BF-83C8-4785-9139-40B736343028}.NoLockDebug|Any CPU.ActiveCfg = Debug|Any CPU
		{E94544BF-83C8-4785-9139-40B736343028}.NoLockDebug|Any CPU.Build.0 = Debug|Any CPU
		{E94544BF-83C8-4785-9139-40B736343028}.NoLockDebugANDUnitTest|Any CPU.ActiveCfg = Debug|Any CPU
		{E94544BF-83C8-4785-9139-40B736343028}.NoLockDebugANDUnitTest|Any CPU.Build.0 = Debug|Any CPU
		{E94544BF-83C8-4785-9139-40B736343028}.Release|Any CPU.ActiveCfg = Release|Any CPU
		{E94544BF-83C8-4785-9139-40B736343028}.Release|Any CPU.Build.0 = Release|Any CPU
		{E94544BF-83C8-4785-9139-40B736343028}.TRACE|Any CPU.ActiveCfg = Release|Any CPU
		{E94544BF-83C8-4785-9139-40B736343028}.TRACE|Any CPU.Build.0 = Release|Any CPU
		{C9D50D54-9E5C-4053-A340-EC5CFBB77C07}.Debug|Any CPU.ActiveCfg = Debug|Any CPU
		{C9D50D54-9E5C-4053-A340-EC5CFBB77C07}.Debug|Any CPU.Build.0 = Debug|Any CPU
		{C9D50D54-9E5C-4053-A340-EC5CFBB77C07}.DELUXEWORKSTEST|Any CPU.ActiveCfg = Debug|Any CPU
		{C9D50D54-9E5C-4053-A340-EC5CFBB77C07}.DELUXEWORKSTEST|Any CPU.Build.0 = Debug|Any CPU
		{C9D50D54-9E5C-4053-A340-EC5CFBB77C07}.NoLockDebug|Any CPU.ActiveCfg = Debug|Any CPU
		{C9D50D54-9E5C-4053-A340-EC5CFBB77C07}.NoLockDebug|Any CPU.Build.0 = Debug|Any CPU
		{C9D50D54-9E5C-4053-A340-EC5CFBB77C07}.NoLockDebugANDUnitTest|Any CPU.ActiveCfg = Debug|Any CPU
		{C9D50D54-9E5C-4053-A340-EC5CFBB77C07}.NoLockDebugANDUnitTest|Any CPU.Build.0 = Debug|Any CPU
		{C9D50D54-9E5C-4053-A340-EC5CFBB77C07}.Release|Any CPU.ActiveCfg = Release|Any CPU
		{C9D50D54-9E5C-4053-A340-EC5CFBB77C07}.Release|Any CPU.Build.0 = Release|Any CPU
		{C9D50D54-9E5C-4053-A340-EC5CFBB77C07}.TRACE|Any CPU.ActiveCfg = Release|Any CPU
		{C9D50D54-9E5C-4053-A340-EC5CFBB77C07}.TRACE|Any CPU.Build.0 = Release|Any CPU
		{35225D95-9765-4498-8624-9D10558AF01C}.Debug|Any CPU.ActiveCfg = Debug|Any CPU
		{35225D95-9765-4498-8624-9D10558AF01C}.Debug|Any CPU.Build.0 = Debug|Any CPU
		{35225D95-9765-4498-8624-9D10558AF01C}.DELUXEWORKSTEST|Any CPU.ActiveCfg = Debug|Any CPU
		{35225D95-9765-4498-8624-9D10558AF01C}.DELUXEWORKSTEST|Any CPU.Build.0 = Debug|Any CPU
		{35225D95-9765-4498-8624-9D10558AF01C}.NoLockDebug|Any CPU.ActiveCfg = Debug|Any CPU
		{35225D95-9765-4498-8624-9D10558AF01C}.NoLockDebug|Any CPU.Build.0 = Debug|Any CPU
		{35225D95-9765-4498-8624-9D10558AF01C}.NoLockDebugANDUnitTest|Any CPU.ActiveCfg = Debug|Any CPU
		{35225D95-9765-4498-8624-9D10558AF01C}.NoLockDebugANDUnitTest|Any CPU.Build.0 = Debug|Any CPU
		{35225D95-9765-4498-8624-9D10558AF01C}.Release|Any CPU.ActiveCfg = Release|Any CPU
		{35225D95-9765-4498-8624-9D10558AF01C}.Release|Any CPU.Build.0 = Release|Any CPU
		{35225D95-9765-4498-8624-9D10558AF01C}.TRACE|Any CPU.ActiveCfg = Release|Any CPU
		{35225D95-9765-4498-8624-9D10558AF01C}.TRACE|Any CPU.Build.0 = Release|Any CPU
		{AD6E5DF9-815C-4915-8938-DFAE016CB304}.Debug|Any CPU.ActiveCfg = Debug|Any CPU
		{AD6E5DF9-815C-4915-8938-DFAE016CB304}.Debug|Any CPU.Build.0 = Debug|Any CPU
		{AD6E5DF9-815C-4915-8938-DFAE016CB304}.DELUXEWORKSTEST|Any CPU.ActiveCfg = Debug|Any CPU
		{AD6E5DF9-815C-4915-8938-DFAE016CB304}.DELUXEWORKSTEST|Any CPU.Build.0 = Debug|Any CPU
		{AD6E5DF9-815C-4915-8938-DFAE016CB304}.NoLockDebug|Any CPU.ActiveCfg = Debug|Any CPU
		{AD6E5DF9-815C-4915-8938-DFAE016CB304}.NoLockDebug|Any CPU.Build.0 = Debug|Any CPU
		{AD6E5DF9-815C-4915-8938-DFAE016CB304}.NoLockDebugANDUnitTest|Any CPU.ActiveCfg = Debug|Any CPU
		{AD6E5DF9-815C-4915-8938-DFAE016CB304}.NoLockDebugANDUnitTest|Any CPU.Build.0 = Debug|Any CPU
		{AD6E5DF9-815C-4915-8938-DFAE016CB304}.Release|Any CPU.ActiveCfg = Release|Any CPU
		{AD6E5DF9-815C-4915-8938-DFAE016CB304}.Release|Any CPU.Build.0 = Release|Any CPU
		{AD6E5DF9-815C-4915-8938-DFAE016CB304}.TRACE|Any CPU.ActiveCfg = Release|Any CPU
		{AD6E5DF9-815C-4915-8938-DFAE016CB304}.TRACE|Any CPU.Build.0 = Release|Any CPU
		{9FFB3F09-2C46-4E88-96CE-F8EBDD970C1C}.Debug|Any CPU.ActiveCfg = Debug|Any CPU
		{9FFB3F09-2C46-4E88-96CE-F8EBDD970C1C}.Debug|Any CPU.Build.0 = Debug|Any CPU
		{9FFB3F09-2C46-4E88-96CE-F8EBDD970C1C}.DELUXEWORKSTEST|Any CPU.ActiveCfg = Debug|Any CPU
		{9FFB3F09-2C46-4E88-96CE-F8EBDD970C1C}.DELUXEWORKSTEST|Any CPU.Build.0 = Debug|Any CPU
		{9FFB3F09-2C46-4E88-96CE-F8EBDD970C1C}.NoLockDebug|Any CPU.ActiveCfg = Debug|Any CPU
		{9FFB3F09-2C46-4E88-96CE-F8EBDD970C1C}.NoLockDebug|Any CPU.Build.0 = Debug|Any CPU
		{9FFB3F09-2C46-4E88-96CE-F8EBDD970C1C}.NoLockDebugANDUnitTest|Any CPU.ActiveCfg = Debug|Any CPU
		{9FFB3F09-2C46-4E88-96CE-F8EBDD970C1C}.NoLockDebugANDUnitTest|Any CPU.Build.0 = Debug|Any CPU
		{9FFB3F09-2C46-4E88-96CE-F8EBDD970C1C}.Release|Any CPU.ActiveCfg = Release|Any CPU
		{9FFB3F09-2C46-4E88-96CE-F8EBDD970C1C}.Release|Any CPU.Build.0 = Release|Any CPU
		{9FFB3F09-2C46-4E88-96CE-F8EBDD970C1C}.TRACE|Any CPU.ActiveCfg = Release|Any CPU
		{9FFB3F09-2C46-4E88-96CE-F8EBDD970C1C}.TRACE|Any CPU.Build.0 = Release|Any CPU
		{D2C038D6-6DE8-4A6D-9F43-AF6E9886FFDC}.Debug|Any CPU.ActiveCfg = Debug|Any CPU
		{D2C038D6-6DE8-4A6D-9F43-AF6E9886FFDC}.Debug|Any CPU.Build.0 = Debug|Any CPU
		{D2C038D6-6DE8-4A6D-9F43-AF6E9886FFDC}.DELUXEWORKSTEST|Any CPU.ActiveCfg = Debug|Any CPU
		{D2C038D6-6DE8-4A6D-9F43-AF6E9886FFDC}.DELUXEWORKSTEST|Any CPU.Build.0 = Debug|Any CPU
		{D2C038D6-6DE8-4A6D-9F43-AF6E9886FFDC}.NoLockDebug|Any CPU.ActiveCfg = Debug|Any CPU
		{D2C038D6-6DE8-4A6D-9F43-AF6E9886FFDC}.NoLockDebug|Any CPU.Build.0 = Debug|Any CPU
		{D2C038D6-6DE8-4A6D-9F43-AF6E9886FFDC}.NoLockDebugANDUnitTest|Any CPU.ActiveCfg = Debug|Any CPU
		{D2C038D6-6DE8-4A6D-9F43-AF6E9886FFDC}.NoLockDebugANDUnitTest|Any CPU.Build.0 = Debug|Any CPU
		{D2C038D6-6DE8-4A6D-9F43-AF6E9886FFDC}.Release|Any CPU.ActiveCfg = Release|Any CPU
		{D2C038D6-6DE8-4A6D-9F43-AF6E9886FFDC}.Release|Any CPU.Build.0 = Release|Any CPU
		{D2C038D6-6DE8-4A6D-9F43-AF6E9886FFDC}.TRACE|Any CPU.ActiveCfg = Release|Any CPU
		{D2C038D6-6DE8-4A6D-9F43-AF6E9886FFDC}.TRACE|Any CPU.Build.0 = Release|Any CPU
		{1B601749-C27A-40E6-8F5C-00E2E1E92AA2}.Debug|Any CPU.ActiveCfg = Debug|Any CPU
		{1B601749-C27A-40E6-8F5C-00E2E1E92AA2}.Debug|Any CPU.Build.0 = Debug|Any CPU
		{1B601749-C27A-40E6-8F5C-00E2E1E92AA2}.DELUXEWORKSTEST|Any CPU.ActiveCfg = Debug|Any CPU
		{1B601749-C27A-40E6-8F5C-00E2E1E92AA2}.DELUXEWORKSTEST|Any CPU.Build.0 = Debug|Any CPU
		{1B601749-C27A-40E6-8F5C-00E2E1E92AA2}.NoLockDebug|Any CPU.ActiveCfg = Debug|Any CPU
		{1B601749-C27A-40E6-8F5C-00E2E1E92AA2}.NoLockDebug|Any CPU.Build.0 = Debug|Any CPU
		{1B601749-C27A-40E6-8F5C-00E2E1E92AA2}.NoLockDebugANDUnitTest|Any CPU.ActiveCfg = Debug|Any CPU
		{1B601749-C27A-40E6-8F5C-00E2E1E92AA2}.NoLockDebugANDUnitTest|Any CPU.Build.0 = Debug|Any CPU
		{1B601749-C27A-40E6-8F5C-00E2E1E92AA2}.Release|Any CPU.ActiveCfg = Release|Any CPU
		{1B601749-C27A-40E6-8F5C-00E2E1E92AA2}.Release|Any CPU.Build.0 = Release|Any CPU
		{1B601749-C27A-40E6-8F5C-00E2E1E92AA2}.TRACE|Any CPU.ActiveCfg = Release|Any CPU
		{1B601749-C27A-40E6-8F5C-00E2E1E92AA2}.TRACE|Any CPU.Build.0 = Release|Any CPU
		{05E02101-5FF3-4D69-9EBF-D80D0B4B9326}.Debug|Any CPU.ActiveCfg = Debug|Any CPU
		{05E02101-5FF3-4D69-9EBF-D80D0B4B9326}.Debug|Any CPU.Build.0 = Debug|Any CPU
		{05E02101-5FF3-4D69-9EBF-D80D0B4B9326}.DELUXEWORKSTEST|Any CPU.ActiveCfg = Debug|Any CPU
		{05E02101-5FF3-4D69-9EBF-D80D0B4B9326}.DELUXEWORKSTEST|Any CPU.Build.0 = Debug|Any CPU
		{05E02101-5FF3-4D69-9EBF-D80D0B4B9326}.NoLockDebug|Any CPU.ActiveCfg = Debug|Any CPU
		{05E02101-5FF3-4D69-9EBF-D80D0B4B9326}.NoLockDebug|Any CPU.Build.0 = Debug|Any CPU
		{05E02101-5FF3-4D69-9EBF-D80D0B4B9326}.NoLockDebugANDUnitTest|Any CPU.ActiveCfg = Debug|Any CPU
		{05E02101-5FF3-4D69-9EBF-D80D0B4B9326}.NoLockDebugANDUnitTest|Any CPU.Build.0 = Debug|Any CPU
		{05E02101-5FF3-4D69-9EBF-D80D0B4B9326}.Release|Any CPU.ActiveCfg = Release|Any CPU
		{05E02101-5FF3-4D69-9EBF-D80D0B4B9326}.Release|Any CPU.Build.0 = Release|Any CPU
		{05E02101-5FF3-4D69-9EBF-D80D0B4B9326}.TRACE|Any CPU.ActiveCfg = Release|Any CPU
		{05E02101-5FF3-4D69-9EBF-D80D0B4B9326}.TRACE|Any CPU.Build.0 = Release|Any CPU
		{A6EB71EB-8522-40DA-947E-8C4315EB124B}.Debug|Any CPU.ActiveCfg = Debug|Any CPU
		{A6EB71EB-8522-40DA-947E-8C4315EB124B}.Debug|Any CPU.Build.0 = Debug|Any CPU
		{A6EB71EB-8522-40DA-947E-8C4315EB124B}.DELUXEWORKSTEST|Any CPU.ActiveCfg = Debug|Any CPU
		{A6EB71EB-8522-40DA-947E-8C4315EB124B}.DELUXEWORKSTEST|Any CPU.Build.0 = Debug|Any CPU
		{A6EB71EB-8522-40DA-947E-8C4315EB124B}.NoLockDebug|Any CPU.ActiveCfg = Debug|Any CPU
		{A6EB71EB-8522-40DA-947E-8C4315EB124B}.NoLockDebug|Any CPU.Build.0 = Debug|Any CPU
		{A6EB71EB-8522-40DA-947E-8C4315EB124B}.NoLockDebugANDUnitTest|Any CPU.ActiveCfg = Debug|Any CPU
		{A6EB71EB-8522-40DA-947E-8C4315EB124B}.NoLockDebugANDUnitTest|Any CPU.Build.0 = Debug|Any CPU
		{A6EB71EB-8522-40DA-947E-8C4315EB124B}.Release|Any CPU.ActiveCfg = Release|Any CPU
		{A6EB71EB-8522-40DA-947E-8C4315EB124B}.Release|Any CPU.Build.0 = Release|Any CPU
		{A6EB71EB-8522-40DA-947E-8C4315EB124B}.TRACE|Any CPU.ActiveCfg = Release|Any CPU
		{A6EB71EB-8522-40DA-947E-8C4315EB124B}.TRACE|Any CPU.Build.0 = Release|Any CPU
		{1AC27887-4441-483A-ADBF-D72FF926415B}.Debug|Any CPU.ActiveCfg = Debug|Any CPU
		{1AC27887-4441-483A-ADBF-D72FF926415B}.Debug|Any CPU.Build.0 = Debug|Any CPU
		{1AC27887-4441-483A-ADBF-D72FF926415B}.DELUXEWORKSTEST|Any CPU.ActiveCfg = Debug|Any CPU
		{1AC27887-4441-483A-ADBF-D72FF926415B}.DELUXEWORKSTEST|Any CPU.Build.0 = Debug|Any CPU
		{1AC27887-4441-483A-ADBF-D72FF926415B}.NoLockDebug|Any CPU.ActiveCfg = Debug|Any CPU
		{1AC27887-4441-483A-ADBF-D72FF926415B}.NoLockDebug|Any CPU.Build.0 = Debug|Any CPU
		{1AC27887-4441-483A-ADBF-D72FF926415B}.NoLockDebugANDUnitTest|Any CPU.ActiveCfg = Debug|Any CPU
		{1AC27887-4441-483A-ADBF-D72FF926415B}.NoLockDebugANDUnitTest|Any CPU.Build.0 = Debug|Any CPU
		{1AC27887-4441-483A-ADBF-D72FF926415B}.Release|Any CPU.ActiveCfg = Release|Any CPU
		{1AC27887-4441-483A-ADBF-D72FF926415B}.Release|Any CPU.Build.0 = Release|Any CPU
		{1AC27887-4441-483A-ADBF-D72FF926415B}.TRACE|Any CPU.ActiveCfg = Release|Any CPU
		{1AC27887-4441-483A-ADBF-D72FF926415B}.TRACE|Any CPU.Build.0 = Release|Any CPU
		{9B44D465-AA0B-44BC-85D8-D303E1D83048}.Debug|Any CPU.ActiveCfg = Debug|Any CPU
		{9B44D465-AA0B-44BC-85D8-D303E1D83048}.Debug|Any CPU.Build.0 = Debug|Any CPU
		{9B44D465-AA0B-44BC-85D8-D303E1D83048}.DELUXEWORKSTEST|Any CPU.ActiveCfg = Debug|Any CPU
		{9B44D465-AA0B-44BC-85D8-D303E1D83048}.DELUXEWORKSTEST|Any CPU.Build.0 = Debug|Any CPU
		{9B44D465-AA0B-44BC-85D8-D303E1D83048}.NoLockDebug|Any CPU.ActiveCfg = Debug|Any CPU
		{9B44D465-AA0B-44BC-85D8-D303E1D83048}.NoLockDebug|Any CPU.Build.0 = Debug|Any CPU
		{9B44D465-AA0B-44BC-85D8-D303E1D83048}.NoLockDebugANDUnitTest|Any CPU.ActiveCfg = Debug|Any CPU
		{9B44D465-AA0B-44BC-85D8-D303E1D83048}.NoLockDebugANDUnitTest|Any CPU.Build.0 = Debug|Any CPU
		{9B44D465-AA0B-44BC-85D8-D303E1D83048}.Release|Any CPU.ActiveCfg = Release|Any CPU
		{9B44D465-AA0B-44BC-85D8-D303E1D83048}.Release|Any CPU.Build.0 = Release|Any CPU
		{9B44D465-AA0B-44BC-85D8-D303E1D83048}.TRACE|Any CPU.ActiveCfg = Release|Any CPU
		{9B44D465-AA0B-44BC-85D8-D303E1D83048}.TRACE|Any CPU.Build.0 = Release|Any CPU
		{0E4F250A-4F96-4378-A64C-A723E38D01D3}.Debug|Any CPU.ActiveCfg = Debug|Any CPU
		{0E4F250A-4F96-4378-A64C-A723E38D01D3}.Debug|Any CPU.Build.0 = Debug|Any CPU
		{0E4F250A-4F96-4378-A64C-A723E38D01D3}.DELUXEWORKSTEST|Any CPU.ActiveCfg = Debug|Any CPU
		{0E4F250A-4F96-4378-A64C-A723E38D01D3}.DELUXEWORKSTEST|Any CPU.Build.0 = Debug|Any CPU
		{0E4F250A-4F96-4378-A64C-A723E38D01D3}.NoLockDebug|Any CPU.ActiveCfg = Debug|Any CPU
		{0E4F250A-4F96-4378-A64C-A723E38D01D3}.NoLockDebug|Any CPU.Build.0 = Debug|Any CPU
		{0E4F250A-4F96-4378-A64C-A723E38D01D3}.NoLockDebugANDUnitTest|Any CPU.ActiveCfg = Debug|Any CPU
		{0E4F250A-4F96-4378-A64C-A723E38D01D3}.NoLockDebugANDUnitTest|Any CPU.Build.0 = Debug|Any CPU
		{0E4F250A-4F96-4378-A64C-A723E38D01D3}.Release|Any CPU.ActiveCfg = Release|Any CPU
		{0E4F250A-4F96-4378-A64C-A723E38D01D3}.Release|Any CPU.Build.0 = Release|Any CPU
		{0E4F250A-4F96-4378-A64C-A723E38D01D3}.TRACE|Any CPU.ActiveCfg = Release|Any CPU
		{0E4F250A-4F96-4378-A64C-A723E38D01D3}.TRACE|Any CPU.Build.0 = Release|Any CPU
		{7F8BBB79-726D-443B-AF9F-575662186F13}.Debug|Any CPU.ActiveCfg = Debug|Any CPU
		{7F8BBB79-726D-443B-AF9F-575662186F13}.Debug|Any CPU.Build.0 = Debug|Any CPU
		{7F8BBB79-726D-443B-AF9F-575662186F13}.DELUXEWORKSTEST|Any CPU.ActiveCfg = Debug|Any CPU
		{7F8BBB79-726D-443B-AF9F-575662186F13}.DELUXEWORKSTEST|Any CPU.Build.0 = Debug|Any CPU
		{7F8BBB79-726D-443B-AF9F-575662186F13}.NoLockDebug|Any CPU.ActiveCfg = Debug|Any CPU
		{7F8BBB79-726D-443B-AF9F-575662186F13}.NoLockDebug|Any CPU.Build.0 = Debug|Any CPU
		{7F8BBB79-726D-443B-AF9F-575662186F13}.NoLockDebugANDUnitTest|Any CPU.ActiveCfg = Debug|Any CPU
		{7F8BBB79-726D-443B-AF9F-575662186F13}.NoLockDebugANDUnitTest|Any CPU.Build.0 = Debug|Any CPU
		{7F8BBB79-726D-443B-AF9F-575662186F13}.Release|Any CPU.ActiveCfg = Release|Any CPU
		{7F8BBB79-726D-443B-AF9F-575662186F13}.Release|Any CPU.Build.0 = Release|Any CPU
		{7F8BBB79-726D-443B-AF9F-575662186F13}.TRACE|Any CPU.ActiveCfg = Release|Any CPU
		{7F8BBB79-726D-443B-AF9F-575662186F13}.TRACE|Any CPU.Build.0 = Release|Any CPU
		{F33BB962-FA9B-4380-B1AC-8AE65E9744D4}.Debug|Any CPU.ActiveCfg = Debug|Any CPU
		{F33BB962-FA9B-4380-B1AC-8AE65E9744D4}.Debug|Any CPU.Build.0 = Debug|Any CPU
		{F33BB962-FA9B-4380-B1AC-8AE65E9744D4}.DELUXEWORKSTEST|Any CPU.ActiveCfg = Debug|Any CPU
		{F33BB962-FA9B-4380-B1AC-8AE65E9744D4}.DELUXEWORKSTEST|Any CPU.Build.0 = Debug|Any CPU
		{F33BB962-FA9B-4380-B1AC-8AE65E9744D4}.NoLockDebug|Any CPU.ActiveCfg = Debug|Any CPU
		{F33BB962-FA9B-4380-B1AC-8AE65E9744D4}.NoLockDebug|Any CPU.Build.0 = Debug|Any CPU
		{F33BB962-FA9B-4380-B1AC-8AE65E9744D4}.NoLockDebugANDUnitTest|Any CPU.ActiveCfg = Debug|Any CPU
		{F33BB962-FA9B-4380-B1AC-8AE65E9744D4}.NoLockDebugANDUnitTest|Any CPU.Build.0 = Debug|Any CPU
		{F33BB962-FA9B-4380-B1AC-8AE65E9744D4}.Release|Any CPU.ActiveCfg = Release|Any CPU
		{F33BB962-FA9B-4380-B1AC-8AE65E9744D4}.Release|Any CPU.Build.0 = Release|Any CPU
		{F33BB962-FA9B-4380-B1AC-8AE65E9744D4}.TRACE|Any CPU.ActiveCfg = Release|Any CPU
		{F33BB962-FA9B-4380-B1AC-8AE65E9744D4}.TRACE|Any CPU.Build.0 = Release|Any CPU
		{FDEC4315-DC8F-4BE2-B04E-53D6783783E6}.Debug|Any CPU.ActiveCfg = Debug|Any CPU
		{FDEC4315-DC8F-4BE2-B04E-53D6783783E6}.Debug|Any CPU.Build.0 = Debug|Any CPU
		{FDEC4315-DC8F-4BE2-B04E-53D6783783E6}.DELUXEWORKSTEST|Any CPU.ActiveCfg = Debug|Any CPU
		{FDEC4315-DC8F-4BE2-B04E-53D6783783E6}.DELUXEWORKSTEST|Any CPU.Build.0 = Debug|Any CPU
		{FDEC4315-DC8F-4BE2-B04E-53D6783783E6}.NoLockDebug|Any CPU.ActiveCfg = Debug|Any CPU
		{FDEC4315-DC8F-4BE2-B04E-53D6783783E6}.NoLockDebug|Any CPU.Build.0 = Debug|Any CPU
		{FDEC4315-DC8F-4BE2-B04E-53D6783783E6}.NoLockDebugANDUnitTest|Any CPU.ActiveCfg = Debug|Any CPU
		{FDEC4315-DC8F-4BE2-B04E-53D6783783E6}.NoLockDebugANDUnitTest|Any CPU.Build.0 = Debug|Any CPU
		{FDEC4315-DC8F-4BE2-B04E-53D6783783E6}.Release|Any CPU.ActiveCfg = Release|Any CPU
		{FDEC4315-DC8F-4BE2-B04E-53D6783783E6}.Release|Any CPU.Build.0 = Release|Any CPU
		{FDEC4315-DC8F-4BE2-B04E-53D6783783E6}.TRACE|Any CPU.ActiveCfg = Release|Any CPU
		{FDEC4315-DC8F-4BE2-B04E-53D6783783E6}.TRACE|Any CPU.Build.0 = Release|Any CPU
	EndGlobalSection
	GlobalSection(SolutionProperties) = preSolution
		HideSolutionNode = FALSE
	EndGlobalSection
	GlobalSection(NestedProjects) = preSolution
		{AC7AC6F8-F91E-4A8F-B895-AABCD8D5EC3D} = {EE16FCB2-6B46-47F3-8393-AA17D743982E}
		{3FE17BD2-CEA0-4F4E-8E0E-46A0DF8C0306} = {EE16FCB2-6B46-47F3-8393-AA17D743982E}
		{089CE423-04E0-4A01-B5F4-CCD71F8D75F2} = {EE16FCB2-6B46-47F3-8393-AA17D743982E}
		{94BB7E55-57DA-4247-87A9-80EC882C06F5} = {EE16FCB2-6B46-47F3-8393-AA17D743982E}
		{BD551ED5-2C88-4570-8108-3959ACC298EF} = {EE16FCB2-6B46-47F3-8393-AA17D743982E}
		{2D84706F-9250-45B4-A331-79D8EA2EF2F9} = {EE16FCB2-6B46-47F3-8393-AA17D743982E}
		{F2F41CCB-0CC2-4BF1-A820-0CCBF581BF6C} = {EE16FCB2-6B46-47F3-8393-AA17D743982E}
		{E94544BF-83C8-4785-9139-40B736343028} = {EE16FCB2-6B46-47F3-8393-AA17D743982E}
		{C9D50D54-9E5C-4053-A340-EC5CFBB77C07} = {EE16FCB2-6B46-47F3-8393-AA17D743982E}
		{35225D95-9765-4498-8624-9D10558AF01C} = {EE16FCB2-6B46-47F3-8393-AA17D743982E}
		{AD6E5DF9-815C-4915-8938-DFAE016CB304} = {EE16FCB2-6B46-47F3-8393-AA17D743982E}
		{9FFB3F09-2C46-4E88-96CE-F8EBDD970C1C} = {EE16FCB2-6B46-47F3-8393-AA17D743982E}
		{D2C038D6-6DE8-4A6D-9F43-AF6E9886FFDC} = {EE16FCB2-6B46-47F3-8393-AA17D743982E}
		{1B601749-C27A-40E6-8F5C-00E2E1E92AA2} = {EE16FCB2-6B46-47F3-8393-AA17D743982E}
		{05E02101-5FF3-4D69-9EBF-D80D0B4B9326} = {EE16FCB2-6B46-47F3-8393-AA17D743982E}
		{A6EB71EB-8522-40DA-947E-8C4315EB124B} = {EE16FCB2-6B46-47F3-8393-AA17D743982E}
		{1AC27887-4441-483A-ADBF-D72FF926415B} = {EE16FCB2-6B46-47F3-8393-AA17D743982E}
		{9B44D465-AA0B-44BC-85D8-D303E1D83048} = {EE16FCB2-6B46-47F3-8393-AA17D743982E}
		{0E4F250A-4F96-4378-A64C-A723E38D01D3} = {EE16FCB2-6B46-47F3-8393-AA17D743982E}
		{7F8BBB79-726D-443B-AF9F-575662186F13} = {EE16FCB2-6B46-47F3-8393-AA17D743982E}
		{F33BB962-FA9B-4380-B1AC-8AE65E9744D4} = {EE16FCB2-6B46-47F3-8393-AA17D743982E}
		{FDEC4315-DC8F-4BE2-B04E-53D6783783E6} = {EE16FCB2-6B46-47F3-8393-AA17D743982E}
	EndGlobalSection
EndGlobal
