
Microsoft Visual Studio Solution File, Format Version 12.00
# Visual Studio 14
VisualStudioVersion = 14.0.24720.0
MinimumVisualStudioVersion = 10.0.40219.1
Project("{FAE04EC0-301F-11D3-BF4B-00C04F79EFBC}") = "MCS.Configuration.Test", "MCS.Configuration.Test\MCS.Configuration.Test.csproj", "{F717A4AD-FD5A-4288-93D4-05CC8F33F5AA}"
EndProject
Global
	GlobalSection(SolutionConfigurationPlatforms) = preSolution
		Debug|Any CPU = Debug|Any CPU
		Release|Any CPU = Release|Any CPU
	EndGlobalSection
	GlobalSection(ProjectConfigurationPlatforms) = postSolution
		{F717A4AD-FD5A-4288-93D4-05CC8F33F5AA}.Debug|Any CPU.ActiveCfg = Debug|Any CPU
		{F717A4AD-FD5A-4288-93D4-05CC8F33F5AA}.Debug|Any CPU.Build.0 = Debug|Any CPU
		{F717A4AD-FD5A-4288-93D4-05CC8F33F5AA}.Release|Any CPU.ActiveCfg = Release|Any CPU
		{F717A4AD-FD5A-4288-93D4-05CC8F33F5AA}.Release|Any CPU.Build.0 = Release|Any CPU
	EndGlobalSection
	GlobalSection(SolutionProperties) = preSolution
		HideSolutionNode = FALSE
	EndGlobalSection
EndGlobal
