
Microsoft Visual Studio Solution File, Format Version 12.00
# Visual Studio 14
VisualStudioVersion = 14.0.24720.0
MinimumVisualStudioVersion = 10.0.40219.1
Project("{FAE04EC0-301F-11D3-BF4B-00C04F79EFBC}") = "PPTS.Portal", "PPTS.Portal\PPTS.Portal.csproj", "{CF87C51B-3D83-4C79-8FDD-FF5FC6D5C869}"
EndProject
Project("{FAE04EC0-301F-11D3-BF4B-00C04F79EFBC}") = "PPTS.WebAPI.Customer", "PPTS.WebAPI.Customer\PPTS.WebAPI.Customer.csproj", "{CE7CE1AF-FBD4-4187-9091-211E51BC1517}"
EndProject
Project("{FAE04EC0-301F-11D3-BF4B-00C04F79EFBC}") = "PPTS.WebAPI.Customer.Test", "..\PPTSWebAPITest\PPTS.WebAPI.Customer.Test\PPTS.WebAPI.Customer.Test.csproj", "{C347538A-6D85-46C0-9E82-2DF7B0A75F14}"
EndProject
Global
	GlobalSection(SolutionConfigurationPlatforms) = preSolution
		Debug|Any CPU = Debug|Any CPU
		Release|Any CPU = Release|Any CPU
	EndGlobalSection
	GlobalSection(ProjectConfigurationPlatforms) = postSolution
		{CF87C51B-3D83-4C79-8FDD-FF5FC6D5C869}.Debug|Any CPU.ActiveCfg = Debug|Any CPU
		{CF87C51B-3D83-4C79-8FDD-FF5FC6D5C869}.Debug|Any CPU.Build.0 = Debug|Any CPU
		{CF87C51B-3D83-4C79-8FDD-FF5FC6D5C869}.Release|Any CPU.ActiveCfg = Release|Any CPU
		{CF87C51B-3D83-4C79-8FDD-FF5FC6D5C869}.Release|Any CPU.Build.0 = Release|Any CPU
		{CE7CE1AF-FBD4-4187-9091-211E51BC1517}.Debug|Any CPU.ActiveCfg = Debug|Any CPU
		{CE7CE1AF-FBD4-4187-9091-211E51BC1517}.Debug|Any CPU.Build.0 = Debug|Any CPU
		{CE7CE1AF-FBD4-4187-9091-211E51BC1517}.Release|Any CPU.ActiveCfg = Release|Any CPU
		{CE7CE1AF-FBD4-4187-9091-211E51BC1517}.Release|Any CPU.Build.0 = Release|Any CPU
		{C347538A-6D85-46C0-9E82-2DF7B0A75F14}.Debug|Any CPU.ActiveCfg = Debug|Any CPU
		{C347538A-6D85-46C0-9E82-2DF7B0A75F14}.Debug|Any CPU.Build.0 = Debug|Any CPU
		{C347538A-6D85-46C0-9E82-2DF7B0A75F14}.Release|Any CPU.ActiveCfg = Release|Any CPU
		{C347538A-6D85-46C0-9E82-2DF7B0A75F14}.Release|Any CPU.Build.0 = Release|Any CPU
	EndGlobalSection
	GlobalSection(SolutionProperties) = preSolution
		HideSolutionNode = FALSE
	EndGlobalSection
	GlobalSection(TeamFoundationVersionControl) = preSolution
		SccNumberOfProjects = 4
		SccEnterpriseProvider = {4CA58AB2-18FA-4F8D-95D4-32DDF27D184C}
		SccTeamFoundationServer = http://10.1.56.70:8080/tfs/pptsv2.0
		SccLocalPath0 = .
		SccProjectUniqueName1 = PPTS.Portal\\PPTS.Portal.csproj
		SccProjectName1 = PPTS.Portal
		SccLocalPath1 = PPTS.Portal
		SccProjectUniqueName2 = PPTS.WebAPI.Customer\\PPTS.WebAPI.Customer.csproj
		SccProjectName2 = PPTS.WebAPI.Customer
		SccLocalPath2 = PPTS.WebAPI.Customer
		SccProjectUniqueName3 = ..\\PPTSWebAPITest\\PPTS.WebAPI.Customer.Test\\PPTS.WebAPI.Customer.Test.csproj
		SccProjectName3 = ../PPTSWebAPITest/PPTS.WebAPI.Customer.Test
		SccLocalPath3 = ..\\PPTSWebAPITest\\PPTS.WebAPI.Customer.Test
	EndGlobalSection
EndGlobal
